
Microsoft Visual Studio Solution File, Format Version 12.00
# Visual Studio Version 16
VisualStudioVersion = 16.0.29728.190
MinimumVisualStudioVersion = 10.0.40219.1
Project("{9A19103F-16F7-4668-BE54-9A1E7A4F7556}") = "FirstBadVersion", "FirstBadVersion\FirstBadVersion.csproj", "{931B88EB-1F53-441F-9C64-0965F1419C4E}"
EndProject
Project("{9A19103F-16F7-4668-BE54-9A1E7A4F7556}") = "JewelsAndStones", "JewelsAndStones\JewelsAndStones.csproj", "{71CFF574-C438-4F1E-B764-1063166FCC6D}"
EndProject
Project("{9A19103F-16F7-4668-BE54-9A1E7A4F7556}") = "RansomNote", "RansomNote\RansomNote.csproj", "{9B355426-E2D8-4587-84FA-493E25632B2D}"
EndProject
Project("{FAE04EC0-301F-11D3-BF4B-00C04F79EFBC}") = "NumberComplement", "NumberComplement\NumberComplement.csproj", "{54589C92-276C-4ED8-AE0C-EC61BD938519}"
EndProject
Global
	GlobalSection(SolutionConfigurationPlatforms) = preSolution
		Debug|Any CPU = Debug|Any CPU
		Release|Any CPU = Release|Any CPU
	EndGlobalSection
	GlobalSection(ProjectConfigurationPlatforms) = postSolution
		{931B88EB-1F53-441F-9C64-0965F1419C4E}.Debug|Any CPU.ActiveCfg = Debug|Any CPU
		{931B88EB-1F53-441F-9C64-0965F1419C4E}.Debug|Any CPU.Build.0 = Debug|Any CPU
		{931B88EB-1F53-441F-9C64-0965F1419C4E}.Release|Any CPU.ActiveCfg = Release|Any CPU
		{931B88EB-1F53-441F-9C64-0965F1419C4E}.Release|Any CPU.Build.0 = Release|Any CPU
		{71CFF574-C438-4F1E-B764-1063166FCC6D}.Debug|Any CPU.ActiveCfg = Debug|Any CPU
		{71CFF574-C438-4F1E-B764-1063166FCC6D}.Debug|Any CPU.Build.0 = Debug|Any CPU
		{71CFF574-C438-4F1E-B764-1063166FCC6D}.Release|Any CPU.ActiveCfg = Release|Any CPU
		{71CFF574-C438-4F1E-B764-1063166FCC6D}.Release|Any CPU.Build.0 = Release|Any CPU
		{9B355426-E2D8-4587-84FA-493E25632B2D}.Debug|Any CPU.ActiveCfg = Debug|Any CPU
		{9B355426-E2D8-4587-84FA-493E25632B2D}.Debug|Any CPU.Build.0 = Debug|Any CPU
		{9B355426-E2D8-4587-84FA-493E25632B2D}.Release|Any CPU.ActiveCfg = Release|Any CPU
		{9B355426-E2D8-4587-84FA-493E25632B2D}.Release|Any CPU.Build.0 = Release|Any CPU
		{54589C92-276C-4ED8-AE0C-EC61BD938519}.Debug|Any CPU.ActiveCfg = Debug|Any CPU
		{54589C92-276C-4ED8-AE0C-EC61BD938519}.Debug|Any CPU.Build.0 = Debug|Any CPU
		{54589C92-276C-4ED8-AE0C-EC61BD938519}.Release|Any CPU.ActiveCfg = Release|Any CPU
		{54589C92-276C-4ED8-AE0C-EC61BD938519}.Release|Any CPU.Build.0 = Release|Any CPU
	EndGlobalSection
	GlobalSection(SolutionProperties) = preSolution
		HideSolutionNode = FALSE
	EndGlobalSection
	GlobalSection(ExtensibilityGlobals) = postSolution
		SolutionGuid = {4363D679-1771-480A-B1AE-4AB08F6CD4DE}
	EndGlobalSection
EndGlobal
