
Microsoft Visual Studio Solution File, Format Version 12.00
# Visual Studio Version 16
VisualStudioVersion = 16.0.29728.190
MinimumVisualStudioVersion = 10.0.40219.1
Project("{FAE04EC0-301F-11D3-BF4B-00C04F79EFBC}") = "FirstBadVersion", "FirstBadVersion\FirstBadVersion.csproj", "{931B88EB-1F53-441F-9C64-0965F1419C4E}"
EndProject
Global
	GlobalSection(SolutionConfigurationPlatforms) = preSolution
		Debug|Any CPU = Debug|Any CPU
		Release|Any CPU = Release|Any CPU
	EndGlobalSection
	GlobalSection(ProjectConfigurationPlatforms) = postSolution
		{931B88EB-1F53-441F-9C64-0965F1419C4E}.Debug|Any CPU.ActiveCfg = Debug|Any CPU
		{931B88EB-1F53-441F-9C64-0965F1419C4E}.Debug|Any CPU.Build.0 = Debug|Any CPU
		{931B88EB-1F53-441F-9C64-0965F1419C4E}.Release|Any CPU.ActiveCfg = Release|Any CPU
		{931B88EB-1F53-441F-9C64-0965F1419C4E}.Release|Any CPU.Build.0 = Release|Any CPU
	EndGlobalSection
	GlobalSection(SolutionProperties) = preSolution
		HideSolutionNode = FALSE
	EndGlobalSection
	GlobalSection(ExtensibilityGlobals) = postSolution
		SolutionGuid = {4363D679-1771-480A-B1AE-4AB08F6CD4DE}
	EndGlobalSection
EndGlobal
