
Microsoft Visual Studio Solution File, Format Version 12.00
# Visual Studio Version 16
VisualStudioVersion = 16.0.29728.190
MinimumVisualStudioVersion = 10.0.40219.1
Project("{9A19103F-16F7-4668-BE54-9A1E7A4F7556}") = "FirstBadVersion", "FirstBadVersion\FirstBadVersion.csproj", "{931B88EB-1F53-441F-9C64-0965F1419C4E}"
EndProject
Project("{9A19103F-16F7-4668-BE54-9A1E7A4F7556}") = "JewelsAndStones", "JewelsAndStones\JewelsAndStones.csproj", "{71CFF574-C438-4F1E-B764-1063166FCC6D}"
EndProject
Project("{9A19103F-16F7-4668-BE54-9A1E7A4F7556}") = "RansomNote", "RansomNote\RansomNote.csproj", "{9B355426-E2D8-4587-84FA-493E25632B2D}"
EndProject
Project("{9A19103F-16F7-4668-BE54-9A1E7A4F7556}") = "NumberComplement", "NumberComplement\NumberComplement.csproj", "{54589C92-276C-4ED8-AE0C-EC61BD938519}"
EndProject
Project("{9A19103F-16F7-4668-BE54-9A1E7A4F7556}") = "FirstUniqueCharacterInAString", "FirstUniqueCharacterInAString\FirstUniqueCharacterInAString.csproj", "{64BBA294-33B6-492C-BF33-C7F103197008}"
EndProject
Project("{9A19103F-16F7-4668-BE54-9A1E7A4F7556}") = "MajorityElement", "MajorityElement\MajorityElement.csproj", "{41526832-B27C-49EF-8360-79330AB1D011}"
EndProject
Project("{9A19103F-16F7-4668-BE54-9A1E7A4F7556}") = "CousinsInBinaryTree", "CousinsInBinaryTree\CousinsInBinaryTree.csproj", "{D365E476-A424-4BEF-AB54-083A5E4E5899}"
EndProject
Project("{9A19103F-16F7-4668-BE54-9A1E7A4F7556}") = "CheckIfItIsAStraightLine", "CheckIfItIsAStraightLine\CheckIfItIsAStraightLine.csproj", "{B3867984-AF9E-425F-A9D1-32D557FB5442}"
EndProject
Project("{FAE04EC0-301F-11D3-BF4B-00C04F79EFBC}") = "ValidPerfectSquare", "ValidPerfectSquare\ValidPerfectSquare.csproj", "{1F205364-91C1-4A55-ABA1-A2DDCDE58A22}"
EndProject
Global
	GlobalSection(SolutionConfigurationPlatforms) = preSolution
		Debug|Any CPU = Debug|Any CPU
		Release|Any CPU = Release|Any CPU
	EndGlobalSection
	GlobalSection(ProjectConfigurationPlatforms) = postSolution
		{931B88EB-1F53-441F-9C64-0965F1419C4E}.Debug|Any CPU.ActiveCfg = Debug|Any CPU
		{931B88EB-1F53-441F-9C64-0965F1419C4E}.Debug|Any CPU.Build.0 = Debug|Any CPU
		{931B88EB-1F53-441F-9C64-0965F1419C4E}.Release|Any CPU.ActiveCfg = Release|Any CPU
		{931B88EB-1F53-441F-9C64-0965F1419C4E}.Release|Any CPU.Build.0 = Release|Any CPU
		{71CFF574-C438-4F1E-B764-1063166FCC6D}.Debug|Any CPU.ActiveCfg = Debug|Any CPU
		{71CFF574-C438-4F1E-B764-1063166FCC6D}.Debug|Any CPU.Build.0 = Debug|Any CPU
		{71CFF574-C438-4F1E-B764-1063166FCC6D}.Release|Any CPU.ActiveCfg = Release|Any CPU
		{71CFF574-C438-4F1E-B764-1063166FCC6D}.Release|Any CPU.Build.0 = Release|Any CPU
		{9B355426-E2D8-4587-84FA-493E25632B2D}.Debug|Any CPU.ActiveCfg = Debug|Any CPU
		{9B355426-E2D8-4587-84FA-493E25632B2D}.Debug|Any CPU.Build.0 = Debug|Any CPU
		{9B355426-E2D8-4587-84FA-493E25632B2D}.Release|Any CPU.ActiveCfg = Release|Any CPU
		{9B355426-E2D8-4587-84FA-493E25632B2D}.Release|Any CPU.Build.0 = Release|Any CPU
		{54589C92-276C-4ED8-AE0C-EC61BD938519}.Debug|Any CPU.ActiveCfg = Debug|Any CPU
		{54589C92-276C-4ED8-AE0C-EC61BD938519}.Debug|Any CPU.Build.0 = Debug|Any CPU
		{54589C92-276C-4ED8-AE0C-EC61BD938519}.Release|Any CPU.ActiveCfg = Release|Any CPU
		{54589C92-276C-4ED8-AE0C-EC61BD938519}.Release|Any CPU.Build.0 = Release|Any CPU
		{64BBA294-33B6-492C-BF33-C7F103197008}.Debug|Any CPU.ActiveCfg = Debug|Any CPU
		{64BBA294-33B6-492C-BF33-C7F103197008}.Debug|Any CPU.Build.0 = Debug|Any CPU
		{64BBA294-33B6-492C-BF33-C7F103197008}.Release|Any CPU.ActiveCfg = Release|Any CPU
		{64BBA294-33B6-492C-BF33-C7F103197008}.Release|Any CPU.Build.0 = Release|Any CPU
		{41526832-B27C-49EF-8360-79330AB1D011}.Debug|Any CPU.ActiveCfg = Debug|Any CPU
		{41526832-B27C-49EF-8360-79330AB1D011}.Debug|Any CPU.Build.0 = Debug|Any CPU
		{41526832-B27C-49EF-8360-79330AB1D011}.Release|Any CPU.ActiveCfg = Release|Any CPU
		{41526832-B27C-49EF-8360-79330AB1D011}.Release|Any CPU.Build.0 = Release|Any CPU
		{D365E476-A424-4BEF-AB54-083A5E4E5899}.Debug|Any CPU.ActiveCfg = Debug|Any CPU
		{D365E476-A424-4BEF-AB54-083A5E4E5899}.Debug|Any CPU.Build.0 = Debug|Any CPU
		{D365E476-A424-4BEF-AB54-083A5E4E5899}.Release|Any CPU.ActiveCfg = Release|Any CPU
		{D365E476-A424-4BEF-AB54-083A5E4E5899}.Release|Any CPU.Build.0 = Release|Any CPU
		{B3867984-AF9E-425F-A9D1-32D557FB5442}.Debug|Any CPU.ActiveCfg = Debug|Any CPU
		{B3867984-AF9E-425F-A9D1-32D557FB5442}.Debug|Any CPU.Build.0 = Debug|Any CPU
		{B3867984-AF9E-425F-A9D1-32D557FB5442}.Release|Any CPU.ActiveCfg = Release|Any CPU
		{B3867984-AF9E-425F-A9D1-32D557FB5442}.Release|Any CPU.Build.0 = Release|Any CPU
		{1F205364-91C1-4A55-ABA1-A2DDCDE58A22}.Debug|Any CPU.ActiveCfg = Debug|Any CPU
		{1F205364-91C1-4A55-ABA1-A2DDCDE58A22}.Debug|Any CPU.Build.0 = Debug|Any CPU
		{1F205364-91C1-4A55-ABA1-A2DDCDE58A22}.Release|Any CPU.ActiveCfg = Release|Any CPU
		{1F205364-91C1-4A55-ABA1-A2DDCDE58A22}.Release|Any CPU.Build.0 = Release|Any CPU
	EndGlobalSection
	GlobalSection(SolutionProperties) = preSolution
		HideSolutionNode = FALSE
	EndGlobalSection
	GlobalSection(ExtensibilityGlobals) = postSolution
		SolutionGuid = {4363D679-1771-480A-B1AE-4AB08F6CD4DE}
	EndGlobalSection
EndGlobal
